# loompack.lock — generated by loom install; do not edit manually

[[pack]]
  slug = "backend-starter"
  version = "1.0.0"
  required_by = ["python-backend"]

[[pack]]
  slug = "development-practices"
  version = "1.0.0"
  required_by = ["python-starter"]

[[pack]]
  slug = "python-backend"
  version = "1.0.0"
  required_by = ["python-backend-flask"]

[[pack]]
  slug = "python-backend-flask"
  version = "1.0.0"

[[pack]]
  slug = "python-starter"
  version = "1.0.0"

[[pack]]
  slug = "web-development-starter"
  version = "1.0.0"
  required_by = ["python-backend-flask"]
